{
    "_readme": [
        "This file locks the dependencies of your project to a known state",
        "Read more about it at https://getcomposer.org/doc/01-basic-usage.md#installing-dependencies",
        "This file is @generated automatically"
    ],
    "content-hash": "abf157cf28eb088e74a14c026749e730",
    "packages": [
        {
            "name": "friendlycaptcha/sdk",
            "version": "0.1.2",
            "source": {
                "type": "git",
                "url": "https://github.com/FriendlyCaptcha/friendly-captcha-php.git",
                "reference": "9cc23e800f36ba281d017f481b7d3a070a03d010"
            },
            "dist": {
                "type": "zip",
                "url": "https://api.github.com/repos/FriendlyCaptcha/friendly-captcha-php/zipball/9cc23e800f36ba281d017f481b7d3a070a03d010",
                "reference": "9cc23e800f36ba281d017f481b7d3a070a03d010",
                "shasum": ""
            },
            "require": {
                "php": ">=7.1"
            },
            "require-dev": {
                "phpunit/phpunit": ">=7"
            },
            "type": "library",
            "autoload": {
                "classmap": [
                    "src/"
                ]
            },
            "notification-url": "https://packagist.org/downloads/",
            "license": [
                "MIT"
            ],
            "authors": [
                {
                    "name": "Friendly Captcha GmbH",
                    "email": "dev@friendlycaptcha.com",
                    "homepage": "https://friendlycaptcha.com/"
                }
            ],
            "description": "Serverside SDK for the Friendly Captcha API.",
            "support": {
                "issues": "https://github.com/FriendlyCaptcha/friendly-captcha-php/issues",
                "source": "https://github.com/FriendlyCaptcha/friendly-captcha-php/tree/0.1.2"
            },
            "time": "2025-03-05T16:37:37+00:00"
        }
    ],
    "packages-dev": [],
    "aliases": [],
    "minimum-stability": "stable",
    "stability-flags": {},
    "prefer-stable": false,
    "prefer-lowest": false,
    "platform": {},
    "platform-dev": {},
    "plugin-api-version": "2.6.0"
}
